
Microsoft Visual Studio Solution File, Format Version 11.00
# Visual Studio 2010
Project("{8BC9CEB8-8B4A-11D0-8D11-00A0C91BC942}") = "разжатие", "разжатие\разжатие.vcxproj", "{F919E41E-AAF4-4D2C-B5DE-F0A78DDB32B5}"
EndProject
Global
	GlobalSection(SolutionConfigurationPlatforms) = preSolution
		Debug|Win32 = Debug|Win32
		Release|Win32 = Release|Win32
	EndGlobalSection
	GlobalSection(ProjectConfigurationPlatforms) = postSolution
		{F919E41E-AAF4-4D2C-B5DE-F0A78DDB32B5}.Debug|Win32.ActiveCfg = Debug|Win32
		{F919E41E-AAF4-4D2C-B5DE-F0A78DDB32B5}.Debug|Win32.Build.0 = Debug|Win32
		{F919E41E-AAF4-4D2C-B5DE-F0A78DDB32B5}.Release|Win32.ActiveCfg = Release|Win32
		{F919E41E-AAF4-4D2C-B5DE-F0A78DDB32B5}.Release|Win32.Build.0 = Release|Win32
	EndGlobalSection
	GlobalSection(SolutionProperties) = preSolution
		HideSolutionNode = FALSE
	EndGlobalSection
EndGlobal
